
Microsoft Visual Studio Solution File, Format Version 12.00
# Visual Studio Version 17
VisualStudioVersion = 17.4.33213.308
MinimumVisualStudioVersion = 10.0.40219.1
Project("{FAE04EC0-301F-11D3-BF4B-00C04F79EFBC}") = "InheritanceDemo", "InheritanceDemo.csproj", "{D2D26AE9-F68D-4411-AFD4-F8D6D06B540D}"
EndProject
Global
	GlobalSection(SolutionConfigurationPlatforms) = preSolution
		Debug|Any CPU = Debug|Any CPU
		Release|Any CPU = Release|Any CPU
	EndGlobalSection
	GlobalSection(ProjectConfigurationPlatforms) = postSolution
		{D2D26AE9-F68D-4411-AFD4-F8D6D06B540D}.Debug|Any CPU.ActiveCfg = Debug|Any CPU
		{D2D26AE9-F68D-4411-AFD4-F8D6D06B540D}.Debug|Any CPU.Build.0 = Debug|Any CPU
		{D2D26AE9-F68D-4411-AFD4-F8D6D06B540D}.Release|Any CPU.ActiveCfg = Release|Any CPU
		{D2D26AE9-F68D-4411-AFD4-F8D6D06B540D}.Release|Any CPU.Build.0 = Release|Any CPU
	EndGlobalSection
	GlobalSection(SolutionProperties) = preSolution
		HideSolutionNode = FALSE
	EndGlobalSection
	GlobalSection(ExtensibilityGlobals) = postSolution
		SolutionGuid = {5C12B9B7-7513-4F7F-B0EE-A067FFD97D35}
	EndGlobalSection
EndGlobal
